{
  "name": "webpack-dojo",
  "version": "1.0.0",
  "lockfileVersion": 1,
  "requires": true,
  "dependencies": {
    "sudenona": {
      "version": "0.0.1",
      "resolved": "https://registry.npmjs.org/sudenona/-/sudenona-0.0.1.tgz",
      "integrity": "sha512-YI6Mavb0/8CMoW6yrudpsEPsfwfZ2xctmwha97wIKBA+opPICot54Db+gAMmkH8uyEo3nQQiu2wSIODAb53YDQ=="
    }
  }
}
